
Microsoft Visual Studio Solution File, Format Version 12.00
# Visual Studio Version 16
VisualStudioVersion = 16.0.29609.76
MinimumVisualStudioVersion = 10.0.40219.1
Project("{FAE04EC0-301F-11D3-BF4B-00C04F79EFBC}") = "QuanLySinhVien", "QuanLySinhVien\QuanLySinhVien.csproj", "{5A9C9987-B569-46E2-B65D-C3064FAA0D3E}"
EndProject
Global
	GlobalSection(SolutionConfigurationPlatforms) = preSolution
		Debug|Any CPU = Debug|Any CPU
		Release|Any CPU = Release|Any CPU
	EndGlobalSection
	GlobalSection(ProjectConfigurationPlatforms) = postSolution
		{5A9C9987-B569-46E2-B65D-C3064FAA0D3E}.Debug|Any CPU.ActiveCfg = Debug|Any CPU
		{5A9C9987-B569-46E2-B65D-C3064FAA0D3E}.Debug|Any CPU.Build.0 = Debug|Any CPU
		{5A9C9987-B569-46E2-B65D-C3064FAA0D3E}.Release|Any CPU.ActiveCfg = Release|Any CPU
		{5A9C9987-B569-46E2-B65D-C3064FAA0D3E}.Release|Any CPU.Build.0 = Release|Any CPU
	EndGlobalSection
	GlobalSection(SolutionProperties) = preSolution
		HideSolutionNode = FALSE
	EndGlobalSection
	GlobalSection(ExtensibilityGlobals) = postSolution
		SolutionGuid = {A5F65DC2-0628-45AE-9429-03B57D8FCE74}
	EndGlobalSection
EndGlobal
